// !$*UTF8*$!
{
	archiveVersion = 1;
	classes = {
	};
	objectVersion = 56;
	objects = {

/* Begin PBXBuildFile section */
		DAB263AA2D7DB96C00312CB7 /* TMarkupParserApp.swift in Sources */ = {isa = PBXBuildFile; fileRef = DAB263A92D7DB96C00312CB7 /* TMarkupParserApp.swift */; };
		DAB263AC2D7DB96C00312CB7 /* ContentView.swift in Sources */ = {isa = PBXBuildFile; fileRef = DAB263AB2D7DB96C00312CB7 /* ContentView.swift */; };
		DAB263AE2D7DB97A00312CB7 /* Assets.xcassets in Resources */ = {isa = PBXBuildFile; fileRef = DAB263AD2D7DB97A00312CB7 /* Assets.xcassets */; };
		DAB263B12D7DB97A00312CB7 /* Preview Assets.xcassets in Resources */ = {isa = PBXBuildFile; fileRef = DAB263B02D7DB97A00312CB7 /* Preview Assets.xcassets */; };
		DAB263BA2D7DBB2200312CB7 /* MarkupParser.swift in Sources */ = {isa = PBXBuildFile; fileRef = DAB263B72D7DBB2100312CB7 /* MarkupParser.swift */; };
		DAB263BB2D7DBB2200312CB7 /* MarkupVisitor.swift in Sources */ = {isa = PBXBuildFile; fileRef = DAB263B82D7DBB2200312CB7 /* MarkupVisitor.swift */; };
		DAB263BE2D7DBD6D00312CB7 /* MarkupStyle.swift in Sources */ = {isa = PBXBuildFile; fileRef = DAB263BD2D7DBD6D00312CB7 /* MarkupStyle.swift */; };
		DAB263C22D7DBDCD00312CB7 /* MarkupNode.swift in Sources */ = {isa = PBXBuildFile; fileRef = DAB263C12D7DBDCD00312CB7 /* MarkupNode.swift */; };
		DAB263C42D7DC3EB00312CB7 /* MarkupConverter.swift in Sources */ = {isa = PBXBuildFile; fileRef = DAB263C32D7DC3EB00312CB7 /* MarkupConverter.swift */; };
		DAB263CC2D7F310C00312CB7 /* TMarkupParserTests.swift in Sources */ = {isa = PBXBuildFile; fileRef = DAB263CB2D7F310C00312CB7 /* TMarkupParserTests.swift */; };
		DAB263DB2D81E30700312CB7 /* MarkupNormalizer.swift in Sources */ = {isa = PBXBuildFile; fileRef = DAB263DA2D81E30700312CB7 /* MarkupNormalizer.swift */; };
		DAB263DD2D81FD6A00312CB7 /* MarkupStyleTypes.swift in Sources */ = {isa = PBXBuildFile; fileRef = DAB263DC2D81FD6A00312CB7 /* MarkupStyleTypes.swift */; };
/* End PBXBuildFile section */

/* Begin PBXContainerItemProxy section */
		DAB263CD2D7F310C00312CB7 /* PBXContainerItemProxy */ = {
			isa = PBXContainerItemProxy;
			containerPortal = DAB2639E2D7DB96C00312CB7 /* Project object */;
			proxyType = 1;
			remoteGlobalIDString = DAB263A52D7DB96C00312CB7;
			remoteInfo = TMarkupParser;
		};
/* End PBXContainerItemProxy section */

/* Begin PBXFileReference section */
		DAB263A62D7DB96C00312CB7 /* TMarkupParser.app */ = {isa = PBXFileReference; explicitFileType = wrapper.application; includeInIndex = 0; path = TMarkupParser.app; sourceTree = BUILT_PRODUCTS_DIR; };
		DAB263A92D7DB96C00312CB7 /* TMarkupParserApp.swift */ = {isa = PBXFileReference; lastKnownFileType = sourcecode.swift; path = TMarkupParserApp.swift; sourceTree = "<group>"; };
		DAB263AB2D7DB96C00312CB7 /* ContentView.swift */ = {isa = PBXFileReference; lastKnownFileType = sourcecode.swift; path = ContentView.swift; sourceTree = "<group>"; };
		DAB263AD2D7DB97A00312CB7 /* Assets.xcassets */ = {isa = PBXFileReference; lastKnownFileType = folder.assetcatalog; path = Assets.xcassets; sourceTree = "<group>"; };
		DAB263B02D7DB97A00312CB7 /* Preview Assets.xcassets */ = {isa = PBXFileReference; lastKnownFileType = folder.assetcatalog; path = "Preview Assets.xcassets"; sourceTree = "<group>"; };
		DAB263B72D7DBB2100312CB7 /* MarkupParser.swift */ = {isa = PBXFileReference; fileEncoding = 4; lastKnownFileType = sourcecode.swift; path = MarkupParser.swift; sourceTree = "<group>"; };
		DAB263B82D7DBB2200312CB7 /* MarkupVisitor.swift */ = {isa = PBXFileReference; fileEncoding = 4; lastKnownFileType = sourcecode.swift; path = MarkupVisitor.swift; sourceTree = "<group>"; };
		DAB263BD2D7DBD6D00312CB7 /* MarkupStyle.swift */ = {isa = PBXFileReference; fileEncoding = 4; lastKnownFileType = sourcecode.swift; path = MarkupStyle.swift; sourceTree = "<group>"; };
		DAB263C12D7DBDCD00312CB7 /* MarkupNode.swift */ = {isa = PBXFileReference; fileEncoding = 4; lastKnownFileType = sourcecode.swift; path = MarkupNode.swift; sourceTree = "<group>"; };
		DAB263C32D7DC3EB00312CB7 /* MarkupConverter.swift */ = {isa = PBXFileReference; fileEncoding = 4; lastKnownFileType = sourcecode.swift; path = MarkupConverter.swift; sourceTree = "<group>"; };
		DAB263C92D7F310C00312CB7 /* TMarkupParserTests.xctest */ = {isa = PBXFileReference; explicitFileType = wrapper.cfbundle; includeInIndex = 0; path = TMarkupParserTests.xctest; sourceTree = BUILT_PRODUCTS_DIR; };
		DAB263CB2D7F310C00312CB7 /* TMarkupParserTests.swift */ = {isa = PBXFileReference; lastKnownFileType = sourcecode.swift; path = TMarkupParserTests.swift; sourceTree = "<group>"; };
		DAB263DA2D81E30700312CB7 /* MarkupNormalizer.swift */ = {isa = PBXFileReference; fileEncoding = 4; lastKnownFileType = sourcecode.swift; path = MarkupNormalizer.swift; sourceTree = "<group>"; };
		DAB263DC2D81FD6A00312CB7 /* MarkupStyleTypes.swift */ = {isa = PBXFileReference; fileEncoding = 4; lastKnownFileType = sourcecode.swift; path = MarkupStyleTypes.swift; sourceTree = "<group>"; };
/* End PBXFileReference section */

/* Begin PBXFrameworksBuildPhase section */
		DAB263A32D7DB96C00312CB7 /* Frameworks */ = {
			isa = PBXFrameworksBuildPhase;
			buildActionMask = 2147483647;
			files = (
			);
			runOnlyForDeploymentPostprocessing = 0;
		};
		DAB263C62D7F310C00312CB7 /* Frameworks */ = {
			isa = PBXFrameworksBuildPhase;
			buildActionMask = 2147483647;
			files = (
			);
			runOnlyForDeploymentPostprocessing = 0;
		};
/* End PBXFrameworksBuildPhase section */

/* Begin PBXGroup section */
		DAB2639D2D7DB96C00312CB7 = {
			isa = PBXGroup;
			children = (
				DAB263A82D7DB96C00312CB7 /* TMarkupParser */,
				DAB263CA2D7F310C00312CB7 /* TMarkupParserTests */,
				DAB263A72D7DB96C00312CB7 /* Products */,
			);
			sourceTree = "<group>";
		};
		DAB263A72D7DB96C00312CB7 /* Products */ = {
			isa = PBXGroup;
			children = (
				DAB263A62D7DB96C00312CB7 /* TMarkupParser.app */,
				DAB263C92D7F310C00312CB7 /* TMarkupParserTests.xctest */,
			);
			name = Products;
			sourceTree = "<group>";
		};
		DAB263A82D7DB96C00312CB7 /* TMarkupParser */ = {
			isa = PBXGroup;
			children = (
				DAB263DA2D81E30700312CB7 /* MarkupNormalizer.swift */,
				DAB263A92D7DB96C00312CB7 /* TMarkupParserApp.swift */,
				DAB263DC2D81FD6A00312CB7 /* MarkupStyleTypes.swift */,
				DAB263C32D7DC3EB00312CB7 /* MarkupConverter.swift */,
				DAB263BD2D7DBD6D00312CB7 /* MarkupStyle.swift */,
				DAB263C12D7DBDCD00312CB7 /* MarkupNode.swift */,
				DAB263B72D7DBB2100312CB7 /* MarkupParser.swift */,
				DAB263B82D7DBB2200312CB7 /* MarkupVisitor.swift */,
				DAB263AB2D7DB96C00312CB7 /* ContentView.swift */,
				DAB263AD2D7DB97A00312CB7 /* Assets.xcassets */,
				DAB263AF2D7DB97A00312CB7 /* Preview Content */,
			);
			path = TMarkupParser;
			sourceTree = "<group>";
		};
		DAB263AF2D7DB97A00312CB7 /* Preview Content */ = {
			isa = PBXGroup;
			children = (
				DAB263B02D7DB97A00312CB7 /* Preview Assets.xcassets */,
			);
			path = "Preview Content";
			sourceTree = "<group>";
		};
		DAB263CA2D7F310C00312CB7 /* TMarkupParserTests */ = {
			isa = PBXGroup;
			children = (
				DAB263CB2D7F310C00312CB7 /* TMarkupParserTests.swift */,
			);
			path = TMarkupParserTests;
			sourceTree = "<group>";
		};
/* End PBXGroup section */

/* Begin PBXNativeTarget section */
		DAB263A52D7DB96C00312CB7 /* TMarkupParser */ = {
			isa = PBXNativeTarget;
			buildConfigurationList = DAB263B42D7DB97A00312CB7 /* Build configuration list for PBXNativeTarget "TMarkupParser" */;
			buildPhases = (
				DAB263A22D7DB96C00312CB7 /* Sources */,
				DAB263A32D7DB96C00312CB7 /* Frameworks */,
				DAB263A42D7DB96C00312CB7 /* Resources */,
			);
			buildRules = (
			);
			dependencies = (
			);
			name = TMarkupParser;
			productName = TMarkupParser;
			productReference = DAB263A62D7DB96C00312CB7 /* TMarkupParser.app */;
			productType = "com.apple.product-type.application";
		};
		DAB263C82D7F310C00312CB7 /* TMarkupParserTests */ = {
			isa = PBXNativeTarget;
			buildConfigurationList = DAB263CF2D7F310C00312CB7 /* Build configuration list for PBXNativeTarget "TMarkupParserTests" */;
			buildPhases = (
				DAB263C52D7F310C00312CB7 /* Sources */,
				DAB263C62D7F310C00312CB7 /* Frameworks */,
				DAB263C72D7F310C00312CB7 /* Resources */,
			);
			buildRules = (
			);
			dependencies = (
				DAB263CE2D7F310C00312CB7 /* PBXTargetDependency */,
			);
			name = TMarkupParserTests;
			productName = TMarkupParserTests;
			productReference = DAB263C92D7F310C00312CB7 /* TMarkupParserTests.xctest */;
			productType = "com.apple.product-type.bundle.unit-test";
		};
/* End PBXNativeTarget section */

/* Begin PBXProject section */
		DAB2639E2D7DB96C00312CB7 /* Project object */ = {
			isa = PBXProject;
			attributes = {
				BuildIndependentTargetsInParallel = 1;
				LastSwiftUpdateCheck = 1540;
				LastUpgradeCheck = 1540;
				TargetAttributes = {
					DAB263A52D7DB96C00312CB7 = {
						CreatedOnToolsVersion = 15.4;
					};
					DAB263C82D7F310C00312CB7 = {
						CreatedOnToolsVersion = 15.4;
						TestTargetID = DAB263A52D7DB96C00312CB7;
					};
				};
			};
			buildConfigurationList = DAB263A12D7DB96C00312CB7 /* Build configuration list for PBXProject "TMarkupParser" */;
			compatibilityVersion = "Xcode 14.0";
			developmentRegion = en;
			hasScannedForEncodings = 0;
			knownRegions = (
				en,
				Base,
			);
			mainGroup = DAB2639D2D7DB96C00312CB7;
			productRefGroup = DAB263A72D7DB96C00312CB7 /* Products */;
			projectDirPath = "";
			projectRoot = "";
			targets = (
				DAB263A52D7DB96C00312CB7 /* TMarkupParser */,
				DAB263C82D7F310C00312CB7 /* TMarkupParserTests */,
			);
		};
/* End PBXProject section */

/* Begin PBXResourcesBuildPhase section */
		DAB263A42D7DB96C00312CB7 /* Resources */ = {
			isa = PBXResourcesBuildPhase;
			buildActionMask = 2147483647;
			files = (
				DAB263B12D7DB97A00312CB7 /* Preview Assets.xcassets in Resources */,
				DAB263AE2D7DB97A00312CB7 /* Assets.xcassets in Resources */,
			);
			runOnlyForDeploymentPostprocessing = 0;
		};
		DAB263C72D7F310C00312CB7 /* Resources */ = {
			isa = PBXResourcesBuildPhase;
			buildActionMask = 2147483647;
			files = (
			);
			runOnlyForDeploymentPostprocessing = 0;
		};
/* End PBXResourcesBuildPhase section */

/* Begin PBXSourcesBuildPhase section */
		DAB263A22D7DB96C00312CB7 /* Sources */ = {
			isa = PBXSourcesBuildPhase;
			buildActionMask = 2147483647;
			files = (
				DAB263AC2D7DB96C00312CB7 /* ContentView.swift in Sources */,
				DAB263C22D7DBDCD00312CB7 /* MarkupNode.swift in Sources */,
				DAB263DD2D81FD6A00312CB7 /* MarkupStyleTypes.swift in Sources */,
				DAB263BA2D7DBB2200312CB7 /* MarkupParser.swift in Sources */,
				DAB263BB2D7DBB2200312CB7 /* MarkupVisitor.swift in Sources */,
				DAB263DB2D81E30700312CB7 /* MarkupNormalizer.swift in Sources */,
				DAB263AA2D7DB96C00312CB7 /* TMarkupParserApp.swift in Sources */,
				DAB263C42D7DC3EB00312CB7 /* MarkupConverter.swift in Sources */,
				DAB263BE2D7DBD6D00312CB7 /* MarkupStyle.swift in Sources */,
			);
			runOnlyForDeploymentPostprocessing = 0;
		};
		DAB263C52D7F310C00312CB7 /* Sources */ = {
			isa = PBXSourcesBuildPhase;
			buildActionMask = 2147483647;
			files = (
				DAB263CC2D7F310C00312CB7 /* TMarkupParserTests.swift in Sources */,
			);
			runOnlyForDeploymentPostprocessing = 0;
		};
/* End PBXSourcesBuildPhase section */

/* Begin PBXTargetDependency section */
		DAB263CE2D7F310C00312CB7 /* PBXTargetDependency */ = {
			isa = PBXTargetDependency;
			target = DAB263A52D7DB96C00312CB7 /* TMarkupParser */;
			targetProxy = DAB263CD2D7F310C00312CB7 /* PBXContainerItemProxy */;
		};
/* End PBXTargetDependency section */

/* Begin XCBuildConfiguration section */
		DAB263B22D7DB97A00312CB7 /* Debug */ = {
			isa = XCBuildConfiguration;
			buildSettings = {
				ALWAYS_SEARCH_USER_PATHS = NO;
				ASSETCATALOG_COMPILER_GENERATE_SWIFT_ASSET_SYMBOL_EXTENSIONS = YES;
				CLANG_ANALYZER_NONNULL = YES;
				CLANG_ANALYZER_NUMBER_OBJECT_CONVERSION = YES_AGGRESSIVE;
				CLANG_CXX_LANGUAGE_STANDARD = "gnu++20";
				CLANG_ENABLE_MODULES = YES;
				CLANG_ENABLE_OBJC_ARC = YES;
				CLANG_ENABLE_OBJC_WEAK = YES;
				CLANG_WARN_BLOCK_CAPTURE_AUTORELEASING = YES;
				CLANG_WARN_BOOL_CONVERSION = YES;
				CLANG_WARN_COMMA = YES;
				CLANG_WARN_CONSTANT_CONVERSION = YES;
				CLANG_WARN_DEPRECATED_OBJC_IMPLEMENTATIONS = YES;
				CLANG_WARN_DIRECT_OBJC_ISA_USAGE = YES_ERROR;
				CLANG_WARN_DOCUMENTATION_COMMENTS = YES;
				CLANG_WARN_EMPTY_BODY = YES;
				CLANG_WARN_ENUM_CONVERSION = YES;
				CLANG_WARN_INFINITE_RECURSION = YES;
				CLANG_WARN_INT_CONVERSION = YES;
				CLANG_WARN_NON_LITERAL_NULL_CONVERSION = YES;
				CLANG_WARN_OBJC_IMPLICIT_RETAIN_SELF = YES;
				CLANG_WARN_OBJC_LITERAL_CONVERSION = YES;
				CLANG_WARN_OBJC_ROOT_CLASS = YES_ERROR;
				CLANG_WARN_QUOTED_INCLUDE_IN_FRAMEWORK_HEADER = YES;
				CLANG_WARN_RANGE_LOOP_ANALYSIS = YES;
				CLANG_WARN_STRICT_PROTOTYPES = YES;
				CLANG_WARN_SUSPICIOUS_MOVE = YES;
				CLANG_WARN_UNGUARDED_AVAILABILITY = YES_AGGRESSIVE;
				CLANG_WARN_UNREACHABLE_CODE = YES;
				CLANG_WARN__DUPLICATE_METHOD_MATCH = YES;
				COPY_PHASE_STRIP = NO;
				DEBUG_INFORMATION_FORMAT = dwarf;
				ENABLE_STRICT_OBJC_MSGSEND = YES;
				ENABLE_TESTABILITY = YES;
				ENABLE_USER_SCRIPT_SANDBOXING = YES;
				GCC_C_LANGUAGE_STANDARD = gnu17;
				GCC_DYNAMIC_NO_PIC = NO;
				GCC_NO_COMMON_BLOCKS = YES;
				GCC_OPTIMIZATION_LEVEL = 0;
				GCC_PREPROCESSOR_DEFINITIONS = (
					"DEBUG=1",
					"$(inherited)",
				);
				GCC_WARN_64_TO_32_BIT_CONVERSION = YES;
				GCC_WARN_ABOUT_RETURN_TYPE = YES_ERROR;
				GCC_WARN_UNDECLARED_SELECTOR = YES;
				GCC_WARN_UNINITIALIZED_AUTOS = YES_AGGRESSIVE;
				GCC_WARN_UNUSED_FUNCTION = YES;
				GCC_WARN_UNUSED_VARIABLE = YES;
				IPHONEOS_DEPLOYMENT_TARGET = 17.5;
				LOCALIZATION_PREFERS_STRING_CATALOGS = YES;
				MTL_ENABLE_DEBUG_INFO = INCLUDE_SOURCE;
				MTL_FAST_MATH = YES;
				ONLY_ACTIVE_ARCH = YES;
				SDKROOT = iphoneos;
				SWIFT_ACTIVE_COMPILATION_CONDITIONS = "DEBUG $(inherited)";
				SWIFT_OPTIMIZATION_LEVEL = "-Onone";
			};
			name = Debug;
		};
		DAB263B32D7DB97A00312CB7 /* Release */ = {
			isa = XCBuildConfiguration;
			buildSettings = {
				ALWAYS_SEARCH_USER_PATHS = NO;
				ASSETCATALOG_COMPILER_GENERATE_SWIFT_ASSET_SYMBOL_EXTENSIONS = YES;
				CLANG_ANALYZER_NONNULL = YES;
				CLANG_ANALYZER_NUMBER_OBJECT_CONVERSION = YES_AGGRESSIVE;
				CLANG_CXX_LANGUAGE_STANDARD = "gnu++20";
				CLANG_ENABLE_MODULES = YES;
				CLANG_ENABLE_OBJC_ARC = YES;
				CLANG_ENABLE_OBJC_WEAK = YES;
				CLANG_WARN_BLOCK_CAPTURE_AUTORELEASING = YES;
				CLANG_WARN_BOOL_CONVERSION = YES;
				CLANG_WARN_COMMA = YES;
				CLANG_WARN_CONSTANT_CONVERSION = YES;
				CLANG_WARN_DEPRECATED_OBJC_IMPLEMENTATIONS = YES;
				CLANG_WARN_DIRECT_OBJC_ISA_USAGE = YES_ERROR;
				CLANG_WARN_DOCUMENTATION_COMMENTS = YES;
				CLANG_WARN_EMPTY_BODY = YES;
				CLANG_WARN_ENUM_CONVERSION = YES;
				CLANG_WARN_INFINITE_RECURSION = YES;
				CLANG_WARN_INT_CONVERSION = YES;
				CLANG_WARN_NON_LITERAL_NULL_CONVERSION = YES;
				CLANG_WARN_OBJC_IMPLICIT_RETAIN_SELF = YES;
				CLANG_WARN_OBJC_LITERAL_CONVERSION = YES;
				CLANG_WARN_OBJC_ROOT_CLASS = YES_ERROR;
				CLANG_WARN_QUOTED_INCLUDE_IN_FRAMEWORK_HEADER = YES;
				CLANG_WARN_RANGE_LOOP_ANALYSIS = YES;
				CLANG_WARN_STRICT_PROTOTYPES = YES;
				CLANG_WARN_SUSPICIOUS_MOVE = YES;
				CLANG_WARN_UNGUARDED_AVAILABILITY = YES_AGGRESSIVE;
				CLANG_WARN_UNREACHABLE_CODE = YES;
				CLANG_WARN__DUPLICATE_METHOD_MATCH = YES;
				COPY_PHASE_STRIP = NO;
				DEBUG_INFORMATION_FORMAT = "dwarf-with-dsym";
				ENABLE_NS_ASSERTIONS = NO;
				ENABLE_STRICT_OBJC_MSGSEND = YES;
				ENABLE_USER_SCRIPT_SANDBOXING = YES;
				GCC_C_LANGUAGE_STANDARD = gnu17;
				GCC_NO_COMMON_BLOCKS = YES;
				GCC_WARN_64_TO_32_BIT_CONVERSION = YES;
				GCC_WARN_ABOUT_RETURN_TYPE = YES_ERROR;
				GCC_WARN_UNDECLARED_SELECTOR = YES;
				GCC_WARN_UNINITIALIZED_AUTOS = YES_AGGRESSIVE;
				GCC_WARN_UNUSED_FUNCTION = YES;
				GCC_WARN_UNUSED_VARIABLE = YES;
				IPHONEOS_DEPLOYMENT_TARGET = 17.5;
				LOCALIZATION_PREFERS_STRING_CATALOGS = YES;
				MTL_ENABLE_DEBUG_INFO = NO;
				MTL_FAST_MATH = YES;
				SDKROOT = iphoneos;
				SWIFT_COMPILATION_MODE = wholemodule;
				VALIDATE_PRODUCT = YES;
			};
			name = Release;
		};
		DAB263B52D7DB97A00312CB7 /* Debug */ = {
			isa = XCBuildConfiguration;
			buildSettings = {
				ASSETCATALOG_COMPILER_APPICON_NAME = AppIcon;
				ASSETCATALOG_COMPILER_GLOBAL_ACCENT_COLOR_NAME = AccentColor;
				CODE_SIGN_STYLE = Automatic;
				CURRENT_PROJECT_VERSION = 1;
				DEVELOPMENT_ASSET_PATHS = "\"TMarkupParser/Preview Content\"";
				DEVELOPMENT_TEAM = 542QB6HYY5;
				ENABLE_PREVIEWS = YES;
				GENERATE_INFOPLIST_FILE = YES;
				INFOPLIST_KEY_UIApplicationSceneManifest_Generation = YES;
				INFOPLIST_KEY_UIApplicationSupportsIndirectInputEvents = YES;
				INFOPLIST_KEY_UILaunchScreen_Generation = YES;
				INFOPLIST_KEY_UISupportedInterfaceOrientations_iPad = "UIInterfaceOrientationPortrait UIInterfaceOrientationPortraitUpsideDown UIInterfaceOrientationLandscapeLeft UIInterfaceOrientationLandscapeRight";
				INFOPLIST_KEY_UISupportedInterfaceOrientations_iPhone = "UIInterfaceOrientationPortrait UIInterfaceOrientationLandscapeLeft UIInterfaceOrientationLandscapeRight";
				LD_RUNPATH_SEARCH_PATHS = (
					"$(inherited)",
					"@executable_path/Frameworks",
				);
				MARKETING_VERSION = 1.0;
				PRODUCT_BUNDLE_IDENTIFIER = net.TMarkupParser;
				PRODUCT_NAME = "$(TARGET_NAME)";
				SWIFT_EMIT_LOC_STRINGS = YES;
				SWIFT_VERSION = 5.0;
				TARGETED_DEVICE_FAMILY = "1,2";
			};
			name = Debug;
		};
		DAB263B62D7DB97A00312CB7 /* Release */ = {
			isa = XCBuildConfiguration;
			buildSettings = {
				ASSETCATALOG_COMPILER_APPICON_NAME = AppIcon;
				ASSETCATALOG_COMPILER_GLOBAL_ACCENT_COLOR_NAME = AccentColor;
				CODE_SIGN_STYLE = Automatic;
				CURRENT_PROJECT_VERSION = 1;
				DEVELOPMENT_ASSET_PATHS = "\"TMarkupParser/Preview Content\"";
				DEVELOPMENT_TEAM = 542QB6HYY5;
				ENABLE_PREVIEWS = YES;
				GENERATE_INFOPLIST_FILE = YES;
				INFOPLIST_KEY_UIApplicationSceneManifest_Generation = YES;
				INFOPLIST_KEY_UIApplicationSupportsIndirectInputEvents = YES;
				INFOPLIST_KEY_UILaunchScreen_Generation = YES;
				INFOPLIST_KEY_UISupportedInterfaceOrientations_iPad = "UIInterfaceOrientationPortrait UIInterfaceOrientationPortraitUpsideDown UIInterfaceOrientationLandscapeLeft UIInterfaceOrientationLandscapeRight";
				INFOPLIST_KEY_UISupportedInterfaceOrientations_iPhone = "UIInterfaceOrientationPortrait UIInterfaceOrientationLandscapeLeft UIInterfaceOrientationLandscapeRight";
				LD_RUNPATH_SEARCH_PATHS = (
					"$(inherited)",
					"@executable_path/Frameworks",
				);
				MARKETING_VERSION = 1.0;
				PRODUCT_BUNDLE_IDENTIFIER = net.TMarkupParser;
				PRODUCT_NAME = "$(TARGET_NAME)";
				SWIFT_EMIT_LOC_STRINGS = YES;
				SWIFT_VERSION = 5.0;
				TARGETED_DEVICE_FAMILY = "1,2";
			};
			name = Release;
		};
		DAB263D02D7F310C00312CB7 /* Debug */ = {
			isa = XCBuildConfiguration;
			buildSettings = {
				BUNDLE_LOADER = "$(TEST_HOST)";
				CODE_SIGN_STYLE = Automatic;
				CURRENT_PROJECT_VERSION = 1;
				DEVELOPMENT_TEAM = 542QB6HYY5;
				GENERATE_INFOPLIST_FILE = YES;
				MARKETING_VERSION = 1.0;
				PRODUCT_BUNDLE_IDENTIFIER = net.TMarkupParserTests;
				PRODUCT_NAME = "$(TARGET_NAME)";
				SWIFT_EMIT_LOC_STRINGS = NO;
				SWIFT_VERSION = 5.0;
				TARGETED_DEVICE_FAMILY = "1,2";
				TEST_HOST = "$(BUILT_PRODUCTS_DIR)/TMarkupParser.app/$(BUNDLE_EXECUTABLE_FOLDER_PATH)/TMarkupParser";
			};
			name = Debug;
		};
		DAB263D12D7F310C00312CB7 /* Release */ = {
			isa = XCBuildConfiguration;
			buildSettings = {
				BUNDLE_LOADER = "$(TEST_HOST)";
				CODE_SIGN_STYLE = Automatic;
				CURRENT_PROJECT_VERSION = 1;
				DEVELOPMENT_TEAM = 542QB6HYY5;
				GENERATE_INFOPLIST_FILE = YES;
				MARKETING_VERSION = 1.0;
				PRODUCT_BUNDLE_IDENTIFIER = net.TMarkupParserTests;
				PRODUCT_NAME = "$(TARGET_NAME)";
				SWIFT_EMIT_LOC_STRINGS = NO;
				SWIFT_VERSION = 5.0;
				TARGETED_DEVICE_FAMILY = "1,2";
				TEST_HOST = "$(BUILT_PRODUCTS_DIR)/TMarkupParser.app/$(BUNDLE_EXECUTABLE_FOLDER_PATH)/TMarkupParser";
			};
			name = Release;
		};
/* End XCBuildConfiguration section */

/* Begin XCConfigurationList section */
		DAB263A12D7DB96C00312CB7 /* Build configuration list for PBXProject "TMarkupParser" */ = {
			isa = XCConfigurationList;
			buildConfigurations = (
				DAB263B22D7DB97A00312CB7 /* Debug */,
				DAB263B32D7DB97A00312CB7 /* Release */,
			);
			defaultConfigurationIsVisible = 0;
			defaultConfigurationName = Release;
		};
		DAB263B42D7DB97A00312CB7 /* Build configuration list for PBXNativeTarget "TMarkupParser" */ = {
			isa = XCConfigurationList;
			buildConfigurations = (
				DAB263B52D7DB97A00312CB7 /* Debug */,
				DAB263B62D7DB97A00312CB7 /* Release */,
			);
			defaultConfigurationIsVisible = 0;
			defaultConfigurationName = Release;
		};
		DAB263CF2D7F310C00312CB7 /* Build configuration list for PBXNativeTarget "TMarkupParserTests" */ = {
			isa = XCConfigurationList;
			buildConfigurations = (
				DAB263D02D7F310C00312CB7 /* Debug */,
				DAB263D12D7F310C00312CB7 /* Release */,
			);
			defaultConfigurationIsVisible = 0;
			defaultConfigurationName = Release;
		};
/* End XCConfigurationList section */
	};
	rootObject = DAB2639E2D7DB96C00312CB7 /* Project object */;
}
